// !$*UTF8*$!
{
	archiveVersion = 1;
	classes = {
	};
	objectVersion = 48;
	objects = {

/* Begin PBXBuildFile section */
		55189810206A6F170075BF86 /* AppDelegate.swift in Sources */ = {isa = PBXBuildFile; fileRef = 5518980F206A6F170075BF86 /* AppDelegate.swift */; };
		55189812206A6F170075BF86 /* MainVC.swift in Sources */ = {isa = PBXBuildFile; fileRef = 55189811206A6F170075BF86 /* MainVC.swift */; };
		55189815206A6F170075BF86 /* Main.storyboard in Resources */ = {isa = PBXBuildFile; fileRef = 55189813206A6F170075BF86 /* Main.storyboard */; };
		55189818206A6F170075BF86 /* kids_joy_center.xcdatamodeld in Sources */ = {isa = PBXBuildFile; fileRef = 55189816206A6F170075BF86 /* kids_joy_center.xcdatamodeld */; };
		5518981A206A6F170075BF86 /* Assets.xcassets in Resources */ = {isa = PBXBuildFile; fileRef = 55189819206A6F170075BF86 /* Assets.xcassets */; };
		5518981D206A6F170075BF86 /* LaunchScreen.storyboard in Resources */ = {isa = PBXBuildFile; fileRef = 5518981B206A6F170075BF86 /* LaunchScreen.storyboard */; };
		55189825206A9B790075BF86 /* MemoryGameVC.swift in Sources */ = {isa = PBXBuildFile; fileRef = 55189824206A9B790075BF86 /* MemoryGameVC.swift */; };
		55189827206A9B8B0075BF86 /* SortingGameVC.swift in Sources */ = {isa = PBXBuildFile; fileRef = 55189826206A9B8B0075BF86 /* SortingGameVC.swift */; };
		55189829206A9BA00075BF86 /* BaloonGameVC.swift in Sources */ = {isa = PBXBuildFile; fileRef = 55189828206A9BA00075BF86 /* BaloonGameVC.swift */; };
		55189830206AA0660075BF86 /* GameSelectorDelegate.swift in Sources */ = {isa = PBXBuildFile; fileRef = 5518982F206AA0660075BF86 /* GameSelectorDelegate.swift */; };
		55C5AD16206B39AB006BB191 /* TimerDelegate.swift in Sources */ = {isa = PBXBuildFile; fileRef = 55C5AD15206B39AB006BB191 /* TimerDelegate.swift */; };
		55C5AD18206B3A8E006BB191 /* ScoreTrackerDelegate.swift in Sources */ = {isa = PBXBuildFile; fileRef = 55C5AD17206B3A8E006BB191 /* ScoreTrackerDelegate.swift */; };
		55C5AD1C206B45DF006BB191 /* CardsDelegate.swift in Sources */ = {isa = PBXBuildFile; fileRef = 55C5AD1B206B45DF006BB191 /* CardsDelegate.swift */; };
		55C5AD1E206B45FC006BB191 /* CardDelegate.swift in Sources */ = {isa = PBXBuildFile; fileRef = 55C5AD1D206B45FC006BB191 /* CardDelegate.swift */; };
		55C5AD20206B4C67006BB191 /* AlertDelegate.swift in Sources */ = {isa = PBXBuildFile; fileRef = 55C5AD1F206B4C67006BB191 /* AlertDelegate.swift */; };
		6D7022E8A59AA32AA8E9A5EB /* CardHandlerDelegate.swift in Sources */ = {isa = PBXBuildFile; fileRef = 6D7021D5FEBCCFCEAB6AB41C /* CardHandlerDelegate.swift */; };
/* End PBXBuildFile section */

/* Begin PBXFileReference section */
		5518980C206A6F170075BF86 /* kids joy center.app */ = {isa = PBXFileReference; explicitFileType = wrapper.application; includeInIndex = 0; path = "kids joy center.app"; sourceTree = BUILT_PRODUCTS_DIR; };
		5518980F206A6F170075BF86 /* AppDelegate.swift */ = {isa = PBXFileReference; lastKnownFileType = sourcecode.swift; path = AppDelegate.swift; sourceTree = "<group>"; };
		55189811206A6F170075BF86 /* MainVC.swift */ = {isa = PBXFileReference; lastKnownFileType = sourcecode.swift; path = MainVC.swift; sourceTree = "<group>"; };
		55189814206A6F170075BF86 /* Base */ = {isa = PBXFileReference; lastKnownFileType = file.storyboard; name = Base; path = Base.lproj/Main.storyboard; sourceTree = "<group>"; };
		55189817206A6F170075BF86 /* kids_joy_center.xcdatamodel */ = {isa = PBXFileReference; lastKnownFileType = wrapper.xcdatamodel; path = kids_joy_center.xcdatamodel; sourceTree = "<group>"; };
		55189819206A6F170075BF86 /* Assets.xcassets */ = {isa = PBXFileReference; lastKnownFileType = folder.assetcatalog; path = Assets.xcassets; sourceTree = "<group>"; };
		5518981C206A6F170075BF86 /* Base */ = {isa = PBXFileReference; lastKnownFileType = file.storyboard; name = Base; path = Base.lproj/LaunchScreen.storyboard; sourceTree = "<group>"; };
		5518981E206A6F170075BF86 /* Info.plist */ = {isa = PBXFileReference; lastKnownFileType = text.plist.xml; path = Info.plist; sourceTree = "<group>"; };
		55189824206A9B790075BF86 /* MemoryGameVC.swift */ = {isa = PBXFileReference; lastKnownFileType = sourcecode.swift; path = MemoryGameVC.swift; sourceTree = "<group>"; };
		55189826206A9B8B0075BF86 /* SortingGameVC.swift */ = {isa = PBXFileReference; lastKnownFileType = sourcecode.swift; path = SortingGameVC.swift; sourceTree = "<group>"; };
		55189828206A9BA00075BF86 /* BaloonGameVC.swift */ = {isa = PBXFileReference; lastKnownFileType = sourcecode.swift; path = BaloonGameVC.swift; sourceTree = "<group>"; };
		5518982F206AA0660075BF86 /* GameSelectorDelegate.swift */ = {isa = PBXFileReference; lastKnownFileType = sourcecode.swift; path = GameSelectorDelegate.swift; sourceTree = "<group>"; };
		55C5AD15206B39AB006BB191 /* TimerDelegate.swift */ = {isa = PBXFileReference; lastKnownFileType = sourcecode.swift; path = TimerDelegate.swift; sourceTree = "<group>"; };
		55C5AD17206B3A8E006BB191 /* ScoreTrackerDelegate.swift */ = {isa = PBXFileReference; lastKnownFileType = sourcecode.swift; path = ScoreTrackerDelegate.swift; sourceTree = "<group>"; };
		55C5AD1B206B45DF006BB191 /* CardsDelegate.swift */ = {isa = PBXFileReference; lastKnownFileType = sourcecode.swift; path = CardsDelegate.swift; sourceTree = "<group>"; };
		55C5AD1D206B45FC006BB191 /* CardDelegate.swift */ = {isa = PBXFileReference; lastKnownFileType = sourcecode.swift; path = CardDelegate.swift; sourceTree = "<group>"; };
		55C5AD1F206B4C67006BB191 /* AlertDelegate.swift */ = {isa = PBXFileReference; lastKnownFileType = sourcecode.swift; path = AlertDelegate.swift; sourceTree = "<group>"; };
		6D7021D5FEBCCFCEAB6AB41C /* CardHandlerDelegate.swift */ = {isa = PBXFileReference; fileEncoding = 4; lastKnownFileType = sourcecode.swift; path = CardHandlerDelegate.swift; sourceTree = "<group>"; };
/* End PBXFileReference section */

/* Begin PBXFrameworksBuildPhase section */
		55189809206A6F170075BF86 /* Frameworks */ = {
			isa = PBXFrameworksBuildPhase;
			buildActionMask = 2147483647;
			files = (
			);
			runOnlyForDeploymentPostprocessing = 0;
		};
/* End PBXFrameworksBuildPhase section */

/* Begin PBXGroup section */
		55189803206A6F170075BF86 = {
			isa = PBXGroup;
			children = (
				5518980E206A6F170075BF86 /* kids joy center */,
				5518980D206A6F170075BF86 /* Products */,
			);
			sourceTree = "<group>";
		};
		5518980D206A6F170075BF86 /* Products */ = {
			isa = PBXGroup;
			children = (
				5518980C206A6F170075BF86 /* kids joy center.app */,
			);
			name = Products;
			sourceTree = "<group>";
		};
		5518980E206A6F170075BF86 /* kids joy center */ = {
			isa = PBXGroup;
			children = (
				5518981E206A6F170075BF86 /* Info.plist */,
				55189816206A6F170075BF86 /* kids_joy_center.xcdatamodeld */,
				55189819206A6F170075BF86 /* Assets.xcassets */,
				5518981B206A6F170075BF86 /* LaunchScreen.storyboard */,
				5518980F206A6F170075BF86 /* AppDelegate.swift */,
				5518982A206A9CE60075BF86 /* Main */,
				5518982B206A9D070075BF86 /* MemoryGame */,
				5518982C206A9D130075BF86 /* SortingGame */,
				5518982D206A9D1F0075BF86 /* BaloonGame */,
				5518982E206AA0090075BF86 /* Helpers */,
			);
			path = "kids joy center";
			sourceTree = "<group>";
		};
		5518982A206A9CE60075BF86 /* Main */ = {
			isa = PBXGroup;
			children = (
				55189811206A6F170075BF86 /* MainVC.swift */,
				55189813206A6F170075BF86 /* Main.storyboard */,
			);
			path = Main;
			sourceTree = "<group>";
		};
		5518982B206A9D070075BF86 /* MemoryGame */ = {
			isa = PBXGroup;
			children = (
				55189824206A9B790075BF86 /* MemoryGameVC.swift */,
				55C5AD1B206B45DF006BB191 /* CardsDelegate.swift */,
				55C5AD1D206B45FC006BB191 /* CardDelegate.swift */,
				6D7021D5FEBCCFCEAB6AB41C /* CardHandlerDelegate.swift */,
			);
			path = MemoryGame;
			sourceTree = "<group>";
		};
		5518982C206A9D130075BF86 /* SortingGame */ = {
			isa = PBXGroup;
			children = (
				55189826206A9B8B0075BF86 /* SortingGameVC.swift */,
			);
			path = SortingGame;
			sourceTree = "<group>";
		};
		5518982D206A9D1F0075BF86 /* BaloonGame */ = {
			isa = PBXGroup;
			children = (
				55189828206A9BA00075BF86 /* BaloonGameVC.swift */,
			);
			path = BaloonGame;
			sourceTree = "<group>";
		};
		5518982E206AA0090075BF86 /* Helpers */ = {
			isa = PBXGroup;
			children = (
				5518982F206AA0660075BF86 /* GameSelectorDelegate.swift */,
				55C5AD15206B39AB006BB191 /* TimerDelegate.swift */,
				55C5AD17206B3A8E006BB191 /* ScoreTrackerDelegate.swift */,
				55C5AD1F206B4C67006BB191 /* AlertDelegate.swift */,
			);
			path = Helpers;
			sourceTree = "<group>";
		};
/* End PBXGroup section */

/* Begin PBXNativeTarget section */
		5518980B206A6F170075BF86 /* kids joy center */ = {
			isa = PBXNativeTarget;
			buildConfigurationList = 55189821206A6F170075BF86 /* Build configuration list for PBXNativeTarget "kids joy center" */;
			buildPhases = (
				55189808206A6F170075BF86 /* Sources */,
				55189809206A6F170075BF86 /* Frameworks */,
				5518980A206A6F170075BF86 /* Resources */,
			);
			buildRules = (
			);
			dependencies = (
			);
			name = "kids joy center";
			productName = "kids joy center";
			productReference = 5518980C206A6F170075BF86 /* kids joy center.app */;
			productType = "com.apple.product-type.application";
		};
/* End PBXNativeTarget section */

/* Begin PBXProject section */
		55189804206A6F170075BF86 /* Project object */ = {
			isa = PBXProject;
			attributes = {
				LastSwiftUpdateCheck = 0920;
				LastUpgradeCheck = 0920;
				ORGANIZATIONNAME = "Yaxiaer Atajiang";
				TargetAttributes = {
					5518980B206A6F170075BF86 = {
						CreatedOnToolsVersion = 9.2;
						ProvisioningStyle = Automatic;
					};
				};
			};
			buildConfigurationList = 55189807206A6F170075BF86 /* Build configuration list for PBXProject "kids joy center" */;
			compatibilityVersion = "Xcode 8.0";
			developmentRegion = en;
			hasScannedForEncodings = 0;
			knownRegions = (
				en,
				Base,
			);
			mainGroup = 55189803206A6F170075BF86;
			productRefGroup = 5518980D206A6F170075BF86 /* Products */;
			projectDirPath = "";
			projectRoot = "";
			targets = (
				5518980B206A6F170075BF86 /* kids joy center */,
			);
		};
/* End PBXProject section */

/* Begin PBXResourcesBuildPhase section */
		5518980A206A6F170075BF86 /* Resources */ = {
			isa = PBXResourcesBuildPhase;
			buildActionMask = 2147483647;
			files = (
				5518981D206A6F170075BF86 /* LaunchScreen.storyboard in Resources */,
				5518981A206A6F170075BF86 /* Assets.xcassets in Resources */,
				55189815206A6F170075BF86 /* Main.storyboard in Resources */,
			);
			runOnlyForDeploymentPostprocessing = 0;
		};
/* End PBXResourcesBuildPhase section */

/* Begin PBXSourcesBuildPhase section */
		55189808206A6F170075BF86 /* Sources */ = {
			isa = PBXSourcesBuildPhase;
			buildActionMask = 2147483647;
			files = (
				55189818206A6F170075BF86 /* kids_joy_center.xcdatamodeld in Sources */,
				55C5AD20206B4C67006BB191 /* AlertDelegate.swift in Sources */,
				55189830206AA0660075BF86 /* GameSelectorDelegate.swift in Sources */,
				55C5AD18206B3A8E006BB191 /* ScoreTrackerDelegate.swift in Sources */,
				55C5AD16206B39AB006BB191 /* TimerDelegate.swift in Sources */,
				55C5AD1C206B45DF006BB191 /* CardsDelegate.swift in Sources */,
				55C5AD1E206B45FC006BB191 /* CardDelegate.swift in Sources */,
				55189825206A9B790075BF86 /* MemoryGameVC.swift in Sources */,
				55189812206A6F170075BF86 /* MainVC.swift in Sources */,
				55189829206A9BA00075BF86 /* BaloonGameVC.swift in Sources */,
				55189827206A9B8B0075BF86 /* SortingGameVC.swift in Sources */,
				55189810206A6F170075BF86 /* AppDelegate.swift in Sources */,
				6D7022E8A59AA32AA8E9A5EB /* CardHandlerDelegate.swift in Sources */,
			);
			runOnlyForDeploymentPostprocessing = 0;
		};
/* End PBXSourcesBuildPhase section */

/* Begin PBXVariantGroup section */
		55189813206A6F170075BF86 /* Main.storyboard */ = {
			isa = PBXVariantGroup;
			children = (
				55189814206A6F170075BF86 /* Base */,
			);
			name = Main.storyboard;
			sourceTree = "<group>";
		};
		5518981B206A6F170075BF86 /* LaunchScreen.storyboard */ = {
			isa = PBXVariantGroup;
			children = (
				5518981C206A6F170075BF86 /* Base */,
			);
			name = LaunchScreen.storyboard;
			sourceTree = "<group>";
		};
/* End PBXVariantGroup section */

/* Begin XCBuildConfiguration section */
		5518981F206A6F170075BF86 /* Debug */ = {
			isa = XCBuildConfiguration;
			buildSettings = {
				ALWAYS_SEARCH_USER_PATHS = NO;
				CLANG_ANALYZER_NONNULL = YES;
				CLANG_ANALYZER_NUMBER_OBJECT_CONVERSION = YES_AGGRESSIVE;
				CLANG_CXX_LANGUAGE_STANDARD = "gnu++14";
				CLANG_CXX_LIBRARY = "libc++";
				CLANG_ENABLE_MODULES = YES;
				CLANG_ENABLE_OBJC_ARC = YES;
				CLANG_WARN_BLOCK_CAPTURE_AUTORELEASING = YES;
				CLANG_WARN_BOOL_CONVERSION = YES;
				CLANG_WARN_COMMA = YES;
				CLANG_WARN_CONSTANT_CONVERSION = YES;
				CLANG_WARN_DIRECT_OBJC_ISA_USAGE = YES_ERROR;
				CLANG_WARN_DOCUMENTATION_COMMENTS = YES;
				CLANG_WARN_EMPTY_BODY = YES;
				CLANG_WARN_ENUM_CONVERSION = YES;
				CLANG_WARN_INFINITE_RECURSION = YES;
				CLANG_WARN_INT_CONVERSION = YES;
				CLANG_WARN_NON_LITERAL_NULL_CONVERSION = YES;
				CLANG_WARN_OBJC_LITERAL_CONVERSION = YES;
				CLANG_WARN_OBJC_ROOT_CLASS = YES_ERROR;
				CLANG_WARN_RANGE_LOOP_ANALYSIS = YES;
				CLANG_WARN_STRICT_PROTOTYPES = YES;
				CLANG_WARN_SUSPICIOUS_MOVE = YES;
				CLANG_WARN_UNGUARDED_AVAILABILITY = YES_AGGRESSIVE;
				CLANG_WARN_UNREACHABLE_CODE = YES;
				CLANG_WARN__DUPLICATE_METHOD_MATCH = YES;
				CODE_SIGN_IDENTITY = "iPhone Developer";
				COPY_PHASE_STRIP = NO;
				DEBUG_INFORMATION_FORMAT = dwarf;
				ENABLE_STRICT_OBJC_MSGSEND = YES;
				ENABLE_TESTABILITY = YES;
				GCC_C_LANGUAGE_STANDARD = gnu11;
				GCC_DYNAMIC_NO_PIC = NO;
				GCC_NO_COMMON_BLOCKS = YES;
				GCC_OPTIMIZATION_LEVEL = 0;
				GCC_PREPROCESSOR_DEFINITIONS = (
					"DEBUG=1",
					"$(inherited)",
				);
				GCC_WARN_64_TO_32_BIT_CONVERSION = YES;
				GCC_WARN_ABOUT_RETURN_TYPE = YES_ERROR;
				GCC_WARN_UNDECLARED_SELECTOR = YES;
				GCC_WARN_UNINITIALIZED_AUTOS = YES_AGGRESSIVE;
				GCC_WARN_UNUSED_FUNCTION = YES;
				GCC_WARN_UNUSED_VARIABLE = YES;
				IPHONEOS_DEPLOYMENT_TARGET = 11.2;
				MTL_ENABLE_DEBUG_INFO = YES;
				ONLY_ACTIVE_ARCH = YES;
				SDKROOT = iphoneos;
				SWIFT_ACTIVE_COMPILATION_CONDITIONS = DEBUG;
				SWIFT_OPTIMIZATION_LEVEL = "-Onone";
			};
			name = Debug;
		};
		55189820206A6F170075BF86 /* Release */ = {
			isa = XCBuildConfiguration;
			buildSettings = {
				ALWAYS_SEARCH_USER_PATHS = NO;
				CLANG_ANALYZER_NONNULL = YES;
				CLANG_ANALYZER_NUMBER_OBJECT_CONVERSION = YES_AGGRESSIVE;
				CLANG_CXX_LANGUAGE_STANDARD = "gnu++14";
				CLANG_CXX_LIBRARY = "libc++";
				CLANG_ENABLE_MODULES = YES;
				CLANG_ENABLE_OBJC_ARC = YES;
				CLANG_WARN_BLOCK_CAPTURE_AUTORELEASING = YES;
				CLANG_WARN_BOOL_CONVERSION = YES;
				CLANG_WARN_COMMA = YES;
				CLANG_WARN_CONSTANT_CONVERSION = YES;
				CLANG_WARN_DIRECT_OBJC_ISA_USAGE = YES_ERROR;
				CLANG_WARN_DOCUMENTATION_COMMENTS = YES;
				CLANG_WARN_EMPTY_BODY = YES;
				CLANG_WARN_ENUM_CONVERSION = YES;
				CLANG_WARN_INFINITE_RECURSION = YES;
				CLANG_WARN_INT_CONVERSION = YES;
				CLANG_WARN_NON_LITERAL_NULL_CONVERSION = YES;
				CLANG_WARN_OBJC_LITERAL_CONVERSION = YES;
				CLANG_WARN_OBJC_ROOT_CLASS = YES_ERROR;
				CLANG_WARN_RANGE_LOOP_ANALYSIS = YES;
				CLANG_WARN_STRICT_PROTOTYPES = YES;
				CLANG_WARN_SUSPICIOUS_MOVE = YES;
				CLANG_WARN_UNGUARDED_AVAILABILITY = YES_AGGRESSIVE;
				CLANG_WARN_UNREACHABLE_CODE = YES;
				CLANG_WARN__DUPLICATE_METHOD_MATCH = YES;
				CODE_SIGN_IDENTITY = "iPhone Developer";
				COPY_PHASE_STRIP = NO;
				DEBUG_INFORMATION_FORMAT = "dwarf-with-dsym";
				ENABLE_NS_ASSERTIONS = NO;
				ENABLE_STRICT_OBJC_MSGSEND = YES;
				GCC_C_LANGUAGE_STANDARD = gnu11;
				GCC_NO_COMMON_BLOCKS = YES;
				GCC_WARN_64_TO_32_BIT_CONVERSION = YES;
				GCC_WARN_ABOUT_RETURN_TYPE = YES_ERROR;
				GCC_WARN_UNDECLARED_SELECTOR = YES;
				GCC_WARN_UNINITIALIZED_AUTOS = YES_AGGRESSIVE;
				GCC_WARN_UNUSED_FUNCTION = YES;
				GCC_WARN_UNUSED_VARIABLE = YES;
				IPHONEOS_DEPLOYMENT_TARGET = 11.2;
				MTL_ENABLE_DEBUG_INFO = NO;
				SDKROOT = iphoneos;
				SWIFT_OPTIMIZATION_LEVEL = "-Owholemodule";
				VALIDATE_PRODUCT = YES;
			};
			name = Release;
		};
		55189822206A6F170075BF86 /* Debug */ = {
			isa = XCBuildConfiguration;
			buildSettings = {
				ASSETCATALOG_COMPILER_APPICON_NAME = AppIcon;
				CODE_SIGN_STYLE = Automatic;
				DEVELOPMENT_TEAM = 8B4QBLLSCD;
				INFOPLIST_FILE = "kids joy center/Info.plist";
				LD_RUNPATH_SEARCH_PATHS = "$(inherited) @executable_path/Frameworks";
				PRODUCT_BUNDLE_IDENTIFIER = "VCU.kids-joy-center";
				PRODUCT_NAME = "$(TARGET_NAME)";
				SWIFT_VERSION = 4.0;
				TARGETED_DEVICE_FAMILY = 2;
			};
			name = Debug;
		};
		55189823206A6F170075BF86 /* Release */ = {
			isa = XCBuildConfiguration;
			buildSettings = {
				ASSETCATALOG_COMPILER_APPICON_NAME = AppIcon;
				CODE_SIGN_STYLE = Automatic;
				DEVELOPMENT_TEAM = 8B4QBLLSCD;
				INFOPLIST_FILE = "kids joy center/Info.plist";
				LD_RUNPATH_SEARCH_PATHS = "$(inherited) @executable_path/Frameworks";
				PRODUCT_BUNDLE_IDENTIFIER = "VCU.kids-joy-center";
				PRODUCT_NAME = "$(TARGET_NAME)";
				SWIFT_VERSION = 4.0;
				TARGETED_DEVICE_FAMILY = 2;
			};
			name = Release;
		};
/* End XCBuildConfiguration section */

/* Begin XCConfigurationList section */
		55189807206A6F170075BF86 /* Build configuration list for PBXProject "kids joy center" */ = {
			isa = XCConfigurationList;
			buildConfigurations = (
				5518981F206A6F170075BF86 /* Debug */,
				55189820206A6F170075BF86 /* Release */,
			);
			defaultConfigurationIsVisible = 0;
			defaultConfigurationName = Release;
		};
		55189821206A6F170075BF86 /* Build configuration list for PBXNativeTarget "kids joy center" */ = {
			isa = XCConfigurationList;
			buildConfigurations = (
				55189822206A6F170075BF86 /* Debug */,
				55189823206A6F170075BF86 /* Release */,
			);
			defaultConfigurationIsVisible = 0;
			defaultConfigurationName = Release;
		};
/* End XCConfigurationList section */

/* Begin XCVersionGroup section */
		55189816206A6F170075BF86 /* kids_joy_center.xcdatamodeld */ = {
			isa = XCVersionGroup;
			children = (
				55189817206A6F170075BF86 /* kids_joy_center.xcdatamodel */,
			);
			currentVersion = 55189817206A6F170075BF86 /* kids_joy_center.xcdatamodel */;
			path = kids_joy_center.xcdatamodeld;
			sourceTree = "<group>";
			versionGroupType = wrapper.xcdatamodel;
		};
/* End XCVersionGroup section */
	};
	rootObject = 55189804206A6F170075BF86 /* Project object */;
}
